
Microsoft Visual Studio Solution File, Format Version 12.00
# Visual Studio 15
VisualStudioVersion = 15.0.28307.489
MinimumVisualStudioVersion = 10.0.40219.1
Project("{F184B08F-C81C-45F6-A57F-5ABD9991F28F}") = "GR1", "GR1\GR1.vbproj", "{2381FD7A-C361-4DEB-A0AC-3E37002C85C5}"
EndProject
Global
	GlobalSection(SolutionConfigurationPlatforms) = preSolution
		Debug|Any CPU = Debug|Any CPU
		Release|Any CPU = Release|Any CPU
	EndGlobalSection
	GlobalSection(ProjectConfigurationPlatforms) = postSolution
		{2381FD7A-C361-4DEB-A0AC-3E37002C85C5}.Debug|Any CPU.ActiveCfg = Debug|Any CPU
		{2381FD7A-C361-4DEB-A0AC-3E37002C85C5}.Debug|Any CPU.Build.0 = Debug|Any CPU
		{2381FD7A-C361-4DEB-A0AC-3E37002C85C5}.Release|Any CPU.ActiveCfg = Release|Any CPU
		{2381FD7A-C361-4DEB-A0AC-3E37002C85C5}.Release|Any CPU.Build.0 = Release|Any CPU
	EndGlobalSection
	GlobalSection(SolutionProperties) = preSolution
		HideSolutionNode = FALSE
	EndGlobalSection
	GlobalSection(ExtensibilityGlobals) = postSolution
		SolutionGuid = {21F6AD81-6D58-4DF8-A172-015282D43946}
	EndGlobalSection
EndGlobal
